<Solution>
  <Folder Name="/k8s/">
    <File Path="k8s/deployment.yaml" />
    <File Path="k8s/service.yaml" />
  </Folder>
  <Folder Name="/Solution Items/">
    <File Path="Dockerfile" />
    <File Path="README.md" />
  </Folder>
  <Project Path="KubernetesDotNetDevOpsDemo/KubernetesDotNetDevOpsDemo.csproj" />
</Solution>
